
Microsoft Visual Studio Solution File, Format Version 12.00
# Visual Studio Version 17
VisualStudioVersion = 17.0.31912.275
MinimumVisualStudioVersion = 10.0.40219.1
Project("{FAE04EC0-301F-11D3-BF4B-00C04F79EFBC}") = "Array_1", "Массивы\Array_1.csproj", "{738300A0-6F50-439D-B1E0-978BC6B5D8BD}"
EndProject
Project("{FAE04EC0-301F-11D3-BF4B-00C04F79EFBC}") = "Array_2", "Array_2\Array_2.csproj", "{7ED02ECA-882B-4371-A767-5609A3270E07}"
EndProject
Project("{FAE04EC0-301F-11D3-BF4B-00C04F79EFBC}") = "Array_3", "Array_3\Array_3.csproj", "{A9C64197-2580-4E0B-8EB1-7D54FB988D75}"
EndProject
Project("{FAE04EC0-301F-11D3-BF4B-00C04F79EFBC}") = "Array_4", "Array_4\Array_4.csproj", "{2026D042-8643-4F71-A687-6FC7CC85DFCF}"
EndProject
Project("{FAE04EC0-301F-11D3-BF4B-00C04F79EFBC}") = "Array_5", "Array_5\Array_5.csproj", "{DF935105-44FA-4566-AF31-C243834208D9}"
EndProject
Project("{FAE04EC0-301F-11D3-BF4B-00C04F79EFBC}") = "Array_6", "Array_6\Array_6.csproj", "{77D7F04C-0040-438A-9FCA-433E354D5126}"
EndProject
Global
	GlobalSection(SolutionConfigurationPlatforms) = preSolution
		Debug|Any CPU = Debug|Any CPU
		Release|Any CPU = Release|Any CPU
	EndGlobalSection
	GlobalSection(ProjectConfigurationPlatforms) = postSolution
		{738300A0-6F50-439D-B1E0-978BC6B5D8BD}.Debug|Any CPU.ActiveCfg = Debug|Any CPU
		{738300A0-6F50-439D-B1E0-978BC6B5D8BD}.Debug|Any CPU.Build.0 = Debug|Any CPU
		{738300A0-6F50-439D-B1E0-978BC6B5D8BD}.Release|Any CPU.ActiveCfg = Release|Any CPU
		{738300A0-6F50-439D-B1E0-978BC6B5D8BD}.Release|Any CPU.Build.0 = Release|Any CPU
		{7ED02ECA-882B-4371-A767-5609A3270E07}.Debug|Any CPU.ActiveCfg = Debug|Any CPU
		{7ED02ECA-882B-4371-A767-5609A3270E07}.Debug|Any CPU.Build.0 = Debug|Any CPU
		{7ED02ECA-882B-4371-A767-5609A3270E07}.Release|Any CPU.ActiveCfg = Release|Any CPU
		{7ED02ECA-882B-4371-A767-5609A3270E07}.Release|Any CPU.Build.0 = Release|Any CPU
		{A9C64197-2580-4E0B-8EB1-7D54FB988D75}.Debug|Any CPU.ActiveCfg = Debug|Any CPU
		{A9C64197-2580-4E0B-8EB1-7D54FB988D75}.Debug|Any CPU.Build.0 = Debug|Any CPU
		{A9C64197-2580-4E0B-8EB1-7D54FB988D75}.Release|Any CPU.ActiveCfg = Release|Any CPU
		{A9C64197-2580-4E0B-8EB1-7D54FB988D75}.Release|Any CPU.Build.0 = Release|Any CPU
		{2026D042-8643-4F71-A687-6FC7CC85DFCF}.Debug|Any CPU.ActiveCfg = Debug|Any CPU
		{2026D042-8643-4F71-A687-6FC7CC85DFCF}.Debug|Any CPU.Build.0 = Debug|Any CPU
		{2026D042-8643-4F71-A687-6FC7CC85DFCF}.Release|Any CPU.ActiveCfg = Release|Any CPU
		{2026D042-8643-4F71-A687-6FC7CC85DFCF}.Release|Any CPU.Build.0 = Release|Any CPU
		{DF935105-44FA-4566-AF31-C243834208D9}.Debug|Any CPU.ActiveCfg = Debug|Any CPU
		{DF935105-44FA-4566-AF31-C243834208D9}.Debug|Any CPU.Build.0 = Debug|Any CPU
		{DF935105-44FA-4566-AF31-C243834208D9}.Release|Any CPU.ActiveCfg = Release|Any CPU
		{DF935105-44FA-4566-AF31-C243834208D9}.Release|Any CPU.Build.0 = Release|Any CPU
		{77D7F04C-0040-438A-9FCA-433E354D5126}.Debug|Any CPU.ActiveCfg = Debug|Any CPU
		{77D7F04C-0040-438A-9FCA-433E354D5126}.Debug|Any CPU.Build.0 = Debug|Any CPU
		{77D7F04C-0040-438A-9FCA-433E354D5126}.Release|Any CPU.ActiveCfg = Release|Any CPU
		{77D7F04C-0040-438A-9FCA-433E354D5126}.Release|Any CPU.Build.0 = Release|Any CPU
	EndGlobalSection
	GlobalSection(SolutionProperties) = preSolution
		HideSolutionNode = FALSE
	EndGlobalSection
	GlobalSection(ExtensibilityGlobals) = postSolution
		SolutionGuid = {C2FC6679-BD80-4DFE-8461-C757F8713F6C}
	EndGlobalSection
EndGlobal
